// !$*UTF8*$!
{
	archiveVersion = 1;
	classes = {
	};
	objectVersion = 50;
	objects = {

/* Begin PBXBuildFile section */
		44180929243E3AC500D76D88 /* AppDelegate.swift in Sources */ = {isa = PBXBuildFile; fileRef = 44180928243E3AC500D76D88 /* AppDelegate.swift */; };
		4418092B243E3AC500D76D88 /* ArVC.swift in Sources */ = {isa = PBXBuildFile; fileRef = 4418092A243E3AC500D76D88 /* ArVC.swift */; };
		4418092D243E3AC500D76D88 /* Experience.rcproject in Sources */ = {isa = PBXBuildFile; fileRef = 4418092C243E3AC500D76D88 /* Experience.rcproject */; };
		44180930243E3AC500D76D88 /* Main.storyboard in Resources */ = {isa = PBXBuildFile; fileRef = 4418092E243E3AC500D76D88 /* Main.storyboard */; };
		44180932243E3AC800D76D88 /* Assets.xcassets in Resources */ = {isa = PBXBuildFile; fileRef = 44180931243E3AC800D76D88 /* Assets.xcassets */; };
		44180935243E3AC800D76D88 /* LaunchScreen.storyboard in Resources */ = {isa = PBXBuildFile; fileRef = 44180933243E3AC800D76D88 /* LaunchScreen.storyboard */; };
		4418093E243E3B7500D76D88 /* HomeVC.swift in Sources */ = {isa = PBXBuildFile; fileRef = 4418093D243E3B7500D76D88 /* HomeVC.swift */; };
		44180943243E416F00D76D88 /* GridViewCell.swift in Sources */ = {isa = PBXBuildFile; fileRef = 44180942243E416F00D76D88 /* GridViewCell.swift */; };
		44180945243E5D7D00D76D88 /* ObjectDescVC.swift in Sources */ = {isa = PBXBuildFile; fileRef = 44180944243E5D7D00D76D88 /* ObjectDescVC.swift */; };
		44180947243E6BC500D76D88 /* art.scnassets in Resources */ = {isa = PBXBuildFile; fileRef = 44180946243E6BC500D76D88 /* art.scnassets */; };
/* End PBXBuildFile section */

/* Begin PBXFileReference section */
		44180925243E3AC500D76D88 /* Group P Capstone.app */ = {isa = PBXFileReference; explicitFileType = wrapper.application; includeInIndex = 0; path = "Group P Capstone.app"; sourceTree = BUILT_PRODUCTS_DIR; };
		44180928243E3AC500D76D88 /* AppDelegate.swift */ = {isa = PBXFileReference; lastKnownFileType = sourcecode.swift; path = AppDelegate.swift; sourceTree = "<group>"; };
		4418092A243E3AC500D76D88 /* ArVC.swift */ = {isa = PBXFileReference; lastKnownFileType = sourcecode.swift; path = ArVC.swift; sourceTree = "<group>"; };
		4418092C243E3AC500D76D88 /* Experience.rcproject */ = {isa = PBXFileReference; lastKnownFileType = file.rcproject; path = Experience.rcproject; sourceTree = "<group>"; };
		4418092F243E3AC500D76D88 /* Base */ = {isa = PBXFileReference; lastKnownFileType = file.storyboard; name = Base; path = Base.lproj/Main.storyboard; sourceTree = "<group>"; };
		44180931243E3AC800D76D88 /* Assets.xcassets */ = {isa = PBXFileReference; lastKnownFileType = folder.assetcatalog; path = Assets.xcassets; sourceTree = "<group>"; };
		44180934243E3AC800D76D88 /* Base */ = {isa = PBXFileReference; lastKnownFileType = file.storyboard; name = Base; path = Base.lproj/LaunchScreen.storyboard; sourceTree = "<group>"; };
		44180936243E3AC800D76D88 /* Info.plist */ = {isa = PBXFileReference; lastKnownFileType = text.plist.xml; path = Info.plist; sourceTree = "<group>"; };
		4418093D243E3B7500D76D88 /* HomeVC.swift */ = {isa = PBXFileReference; lastKnownFileType = sourcecode.swift; path = HomeVC.swift; sourceTree = "<group>"; };
		44180942243E416F00D76D88 /* GridViewCell.swift */ = {isa = PBXFileReference; lastKnownFileType = sourcecode.swift; path = GridViewCell.swift; sourceTree = "<group>"; };
		44180944243E5D7D00D76D88 /* ObjectDescVC.swift */ = {isa = PBXFileReference; lastKnownFileType = sourcecode.swift; path = ObjectDescVC.swift; sourceTree = "<group>"; };
		44180946243E6BC500D76D88 /* art.scnassets */ = {isa = PBXFileReference; lastKnownFileType = wrapper.scnassets; path = art.scnassets; sourceTree = "<group>"; };
/* End PBXFileReference section */

/* Begin PBXFrameworksBuildPhase section */
		44180922243E3AC500D76D88 /* Frameworks */ = {
			isa = PBXFrameworksBuildPhase;
			buildActionMask = 2147483647;
			files = (
			);
			runOnlyForDeploymentPostprocessing = 0;
		};
/* End PBXFrameworksBuildPhase section */

/* Begin PBXGroup section */
		4418091C243E3AC500D76D88 = {
			isa = PBXGroup;
			children = (
				44180927243E3AC500D76D88 /* Group P Capstone */,
				44180926243E3AC500D76D88 /* Products */,
			);
			sourceTree = "<group>";
		};
		44180926243E3AC500D76D88 /* Products */ = {
			isa = PBXGroup;
			children = (
				44180925243E3AC500D76D88 /* Group P Capstone.app */,
			);
			name = Products;
			sourceTree = "<group>";
		};
		44180927243E3AC500D76D88 /* Group P Capstone */ = {
			isa = PBXGroup;
			children = (
				4418093F243E3B8800D76D88 /* Model */,
				4418093C243E3B5200D76D88 /* Controllers */,
				44180928243E3AC500D76D88 /* AppDelegate.swift */,
				4418092C243E3AC500D76D88 /* Experience.rcproject */,
				4418092E243E3AC500D76D88 /* Main.storyboard */,
				44180931243E3AC800D76D88 /* Assets.xcassets */,
				44180933243E3AC800D76D88 /* LaunchScreen.storyboard */,
				44180936243E3AC800D76D88 /* Info.plist */,
				44180946243E6BC500D76D88 /* art.scnassets */,
			);
			path = "Group P Capstone";
			sourceTree = "<group>";
		};
		4418093C243E3B5200D76D88 /* Controllers */ = {
			isa = PBXGroup;
			children = (
				4418092A243E3AC500D76D88 /* ArVC.swift */,
				4418093D243E3B7500D76D88 /* HomeVC.swift */,
				44180944243E5D7D00D76D88 /* ObjectDescVC.swift */,
			);
			path = Controllers;
			sourceTree = "<group>";
		};
		4418093F243E3B8800D76D88 /* Model */ = {
			isa = PBXGroup;
			children = (
				44180942243E416F00D76D88 /* GridViewCell.swift */,
			);
			path = Model;
			sourceTree = "<group>";
		};
/* End PBXGroup section */

/* Begin PBXNativeTarget section */
		44180924243E3AC500D76D88 /* Group P Capstone */ = {
			isa = PBXNativeTarget;
			buildConfigurationList = 44180939243E3AC800D76D88 /* Build configuration list for PBXNativeTarget "Group P Capstone" */;
			buildPhases = (
				44180921243E3AC500D76D88 /* Sources */,
				44180922243E3AC500D76D88 /* Frameworks */,
				44180923243E3AC500D76D88 /* Resources */,
			);
			buildRules = (
			);
			dependencies = (
			);
			name = "Group P Capstone";
			productName = "Group P Capstone";
			productReference = 44180925243E3AC500D76D88 /* Group P Capstone.app */;
			productType = "com.apple.product-type.application";
		};
/* End PBXNativeTarget section */

/* Begin PBXProject section */
		4418091D243E3AC500D76D88 /* Project object */ = {
			isa = PBXProject;
			attributes = {
				LastSwiftUpdateCheck = 1140;
				LastUpgradeCheck = 1140;
				ORGANIZATIONNAME = "Abhinav Bhardwaj";
				TargetAttributes = {
					44180924243E3AC500D76D88 = {
						CreatedOnToolsVersion = 11.4;
					};
				};
			};
			buildConfigurationList = 44180920243E3AC500D76D88 /* Build configuration list for PBXProject "Group P Capstone" */;
			compatibilityVersion = "Xcode 9.3";
			developmentRegion = en;
			hasScannedForEncodings = 0;
			knownRegions = (
				en,
				Base,
			);
			mainGroup = 4418091C243E3AC500D76D88;
			productRefGroup = 44180926243E3AC500D76D88 /* Products */;
			projectDirPath = "";
			projectRoot = "";
			targets = (
				44180924243E3AC500D76D88 /* Group P Capstone */,
			);
		};
/* End PBXProject section */

/* Begin PBXResourcesBuildPhase section */
		44180923243E3AC500D76D88 /* Resources */ = {
			isa = PBXResourcesBuildPhase;
			buildActionMask = 2147483647;
			files = (
				44180935243E3AC800D76D88 /* LaunchScreen.storyboard in Resources */,
				44180932243E3AC800D76D88 /* Assets.xcassets in Resources */,
				44180930243E3AC500D76D88 /* Main.storyboard in Resources */,
				44180947243E6BC500D76D88 /* art.scnassets in Resources */,
			);
			runOnlyForDeploymentPostprocessing = 0;
		};
/* End PBXResourcesBuildPhase section */

/* Begin PBXSourcesBuildPhase section */
		44180921243E3AC500D76D88 /* Sources */ = {
			isa = PBXSourcesBuildPhase;
			buildActionMask = 2147483647;
			files = (
				4418092B243E3AC500D76D88 /* ArVC.swift in Sources */,
				44180943243E416F00D76D88 /* GridViewCell.swift in Sources */,
				4418093E243E3B7500D76D88 /* HomeVC.swift in Sources */,
				44180929243E3AC500D76D88 /* AppDelegate.swift in Sources */,
				44180945243E5D7D00D76D88 /* ObjectDescVC.swift in Sources */,
				4418092D243E3AC500D76D88 /* Experience.rcproject in Sources */,
			);
			runOnlyForDeploymentPostprocessing = 0;
		};
/* End PBXSourcesBuildPhase section */

/* Begin PBXVariantGroup section */
		4418092E243E3AC500D76D88 /* Main.storyboard */ = {
			isa = PBXVariantGroup;
			children = (
				4418092F243E3AC500D76D88 /* Base */,
			);
			name = Main.storyboard;
			sourceTree = "<group>";
		};
		44180933243E3AC800D76D88 /* LaunchScreen.storyboard */ = {
			isa = PBXVariantGroup;
			children = (
				44180934243E3AC800D76D88 /* Base */,
			);
			name = LaunchScreen.storyboard;
			sourceTree = "<group>";
		};
/* End PBXVariantGroup section */

/* Begin XCBuildConfiguration section */
		44180937243E3AC800D76D88 /* Debug */ = {
			isa = XCBuildConfiguration;
			buildSettings = {
				ALWAYS_SEARCH_USER_PATHS = NO;
				CLANG_ANALYZER_NONNULL = YES;
				CLANG_ANALYZER_NUMBER_OBJECT_CONVERSION = YES_AGGRESSIVE;
				CLANG_CXX_LANGUAGE_STANDARD = "gnu++14";
				CLANG_CXX_LIBRARY = "libc++";
				CLANG_ENABLE_MODULES = YES;
				CLANG_ENABLE_OBJC_ARC = YES;
				CLANG_ENABLE_OBJC_WEAK = YES;
				CLANG_WARN_BLOCK_CAPTURE_AUTORELEASING = YES;
				CLANG_WARN_BOOL_CONVERSION = YES;
				CLANG_WARN_COMMA = YES;
				CLANG_WARN_CONSTANT_CONVERSION = YES;
				CLANG_WARN_DEPRECATED_OBJC_IMPLEMENTATIONS = YES;
				CLANG_WARN_DIRECT_OBJC_ISA_USAGE = YES_ERROR;
				CLANG_WARN_DOCUMENTATION_COMMENTS = YES;
				CLANG_WARN_EMPTY_BODY = YES;
				CLANG_WARN_ENUM_CONVERSION = YES;
				CLANG_WARN_INFINITE_RECURSION = YES;
				CLANG_WARN_INT_CONVERSION = YES;
				CLANG_WARN_NON_LITERAL_NULL_CONVERSION = YES;
				CLANG_WARN_OBJC_IMPLICIT_RETAIN_SELF = YES;
				CLANG_WARN_OBJC_LITERAL_CONVERSION = YES;
				CLANG_WARN_OBJC_ROOT_CLASS = YES_ERROR;
				CLANG_WARN_RANGE_LOOP_ANALYSIS = YES;
				CLANG_WARN_STRICT_PROTOTYPES = YES;
				CLANG_WARN_SUSPICIOUS_MOVE = YES;
				CLANG_WARN_UNGUARDED_AVAILABILITY = YES_AGGRESSIVE;
				CLANG_WARN_UNREACHABLE_CODE = YES;
				CLANG_WARN__DUPLICATE_METHOD_MATCH = YES;
				COPY_PHASE_STRIP = NO;
				DEBUG_INFORMATION_FORMAT = dwarf;
				ENABLE_STRICT_OBJC_MSGSEND = YES;
				ENABLE_TESTABILITY = YES;
				GCC_C_LANGUAGE_STANDARD = gnu11;
				GCC_DYNAMIC_NO_PIC = NO;
				GCC_NO_COMMON_BLOCKS = YES;
				GCC_OPTIMIZATION_LEVEL = 0;
				GCC_PREPROCESSOR_DEFINITIONS = (
					"DEBUG=1",
					"$(inherited)",
				);
				GCC_WARN_64_TO_32_BIT_CONVERSION = YES;
				GCC_WARN_ABOUT_RETURN_TYPE = YES_ERROR;
				GCC_WARN_UNDECLARED_SELECTOR = YES;
				GCC_WARN_UNINITIALIZED_AUTOS = YES_AGGRESSIVE;
				GCC_WARN_UNUSED_FUNCTION = YES;
				GCC_WARN_UNUSED_VARIABLE = YES;
				IPHONEOS_DEPLOYMENT_TARGET = 13.4;
				MTL_ENABLE_DEBUG_INFO = INCLUDE_SOURCE;
				MTL_FAST_MATH = YES;
				ONLY_ACTIVE_ARCH = YES;
				SDKROOT = iphoneos;
				SWIFT_ACTIVE_COMPILATION_CONDITIONS = DEBUG;
				SWIFT_OPTIMIZATION_LEVEL = "-Onone";
			};
			name = Debug;
		};
		44180938243E3AC800D76D88 /* Release */ = {
			isa = XCBuildConfiguration;
			buildSettings = {
				ALWAYS_SEARCH_USER_PATHS = NO;
				CLANG_ANALYZER_NONNULL = YES;
				CLANG_ANALYZER_NUMBER_OBJECT_CONVERSION = YES_AGGRESSIVE;
				CLANG_CXX_LANGUAGE_STANDARD = "gnu++14";
				CLANG_CXX_LIBRARY = "libc++";
				CLANG_ENABLE_MODULES = YES;
				CLANG_ENABLE_OBJC_ARC = YES;
				CLANG_ENABLE_OBJC_WEAK = YES;
				CLANG_WARN_BLOCK_CAPTURE_AUTORELEASING = YES;
				CLANG_WARN_BOOL_CONVERSION = YES;
				CLANG_WARN_COMMA = YES;
				CLANG_WARN_CONSTANT_CONVERSION = YES;
				CLANG_WARN_DEPRECATED_OBJC_IMPLEMENTATIONS = YES;
				CLANG_WARN_DIRECT_OBJC_ISA_USAGE = YES_ERROR;
				CLANG_WARN_DOCUMENTATION_COMMENTS = YES;
				CLANG_WARN_EMPTY_BODY = YES;
				CLANG_WARN_ENUM_CONVERSION = YES;
				CLANG_WARN_INFINITE_RECURSION = YES;
				CLANG_WARN_INT_CONVERSION = YES;
				CLANG_WARN_NON_LITERAL_NULL_CONVERSION = YES;
				CLANG_WARN_OBJC_IMPLICIT_RETAIN_SELF = YES;
				CLANG_WARN_OBJC_LITERAL_CONVERSION = YES;
				CLANG_WARN_OBJC_ROOT_CLASS = YES_ERROR;
				CLANG_WARN_RANGE_LOOP_ANALYSIS = YES;
				CLANG_WARN_STRICT_PROTOTYPES = YES;
				CLANG_WARN_SUSPICIOUS_MOVE = YES;
				CLANG_WARN_UNGUARDED_AVAILABILITY = YES_AGGRESSIVE;
				CLANG_WARN_UNREACHABLE_CODE = YES;
				CLANG_WARN__DUPLICATE_METHOD_MATCH = YES;
				COPY_PHASE_STRIP = NO;
				DEBUG_INFORMATION_FORMAT = "dwarf-with-dsym";
				ENABLE_NS_ASSERTIONS = NO;
				ENABLE_STRICT_OBJC_MSGSEND = YES;
				GCC_C_LANGUAGE_STANDARD = gnu11;
				GCC_NO_COMMON_BLOCKS = YES;
				GCC_WARN_64_TO_32_BIT_CONVERSION = YES;
				GCC_WARN_ABOUT_RETURN_TYPE = YES_ERROR;
				GCC_WARN_UNDECLARED_SELECTOR = YES;
				GCC_WARN_UNINITIALIZED_AUTOS = YES_AGGRESSIVE;
				GCC_WARN_UNUSED_FUNCTION = YES;
				GCC_WARN_UNUSED_VARIABLE = YES;
				IPHONEOS_DEPLOYMENT_TARGET = 13.4;
				MTL_ENABLE_DEBUG_INFO = NO;
				MTL_FAST_MATH = YES;
				SDKROOT = iphoneos;
				SWIFT_COMPILATION_MODE = wholemodule;
				SWIFT_OPTIMIZATION_LEVEL = "-O";
				VALIDATE_PRODUCT = YES;
			};
			name = Release;
		};
		4418093A243E3AC800D76D88 /* Debug */ = {
			isa = XCBuildConfiguration;
			buildSettings = {
				ASSETCATALOG_COMPILER_APPICON_NAME = AppIcon;
				CODE_SIGN_STYLE = Automatic;
				DEVELOPMENT_TEAM = JDPWP5BD2Q;
				INFOPLIST_FILE = "Group P Capstone/Info.plist";
				LD_RUNPATH_SEARCH_PATHS = (
					"$(inherited)",
					"@executable_path/Frameworks",
				);
				PRODUCT_BUNDLE_IDENTIFIER = "Test.Group-P-Capstone";
				PRODUCT_NAME = "$(TARGET_NAME)";
				SWIFT_VERSION = 5.0;
				TARGETED_DEVICE_FAMILY = "1,2";
			};
			name = Debug;
		};
		4418093B243E3AC800D76D88 /* Release */ = {
			isa = XCBuildConfiguration;
			buildSettings = {
				ASSETCATALOG_COMPILER_APPICON_NAME = AppIcon;
				CODE_SIGN_STYLE = Automatic;
				DEVELOPMENT_TEAM = JDPWP5BD2Q;
				INFOPLIST_FILE = "Group P Capstone/Info.plist";
				LD_RUNPATH_SEARCH_PATHS = (
					"$(inherited)",
					"@executable_path/Frameworks",
				);
				PRODUCT_BUNDLE_IDENTIFIER = "Test.Group-P-Capstone";
				PRODUCT_NAME = "$(TARGET_NAME)";
				SWIFT_VERSION = 5.0;
				TARGETED_DEVICE_FAMILY = "1,2";
			};
			name = Release;
		};
/* End XCBuildConfiguration section */

/* Begin XCConfigurationList section */
		44180920243E3AC500D76D88 /* Build configuration list for PBXProject "Group P Capstone" */ = {
			isa = XCConfigurationList;
			buildConfigurations = (
				44180937243E3AC800D76D88 /* Debug */,
				44180938243E3AC800D76D88 /* Release */,
			);
			defaultConfigurationIsVisible = 0;
			defaultConfigurationName = Release;
		};
		44180939243E3AC800D76D88 /* Build configuration list for PBXNativeTarget "Group P Capstone" */ = {
			isa = XCConfigurationList;
			buildConfigurations = (
				4418093A243E3AC800D76D88 /* Debug */,
				4418093B243E3AC800D76D88 /* Release */,
			);
			defaultConfigurationIsVisible = 0;
			defaultConfigurationName = Release;
		};
/* End XCConfigurationList section */
	};
	rootObject = 4418091D243E3AC500D76D88 /* Project object */;
}
